// !$*UTF8*$!
{
	archiveVersion = 1;
	classes = {
	};
	objectVersion = 46;
	objects = {

/* Begin PBXBuildFile section */
		F11FB7341DA55F9000415092 /* AppDelegate.swift in Sources */ = {isa = PBXBuildFile; fileRef = F11FB7331DA55F9000415092 /* AppDelegate.swift */; };
		F11FB7361DA55F9000415092 /* ViewController.swift in Sources */ = {isa = PBXBuildFile; fileRef = F11FB7351DA55F9000415092 /* ViewController.swift */; };
		F11FB7391DA55F9000415092 /* Main.storyboard in Resources */ = {isa = PBXBuildFile; fileRef = F11FB7371DA55F9000415092 /* Main.storyboard */; };
		F11FB73B1DA55F9000415092 /* Assets.xcassets in Resources */ = {isa = PBXBuildFile; fileRef = F11FB73A1DA55F9000415092 /* Assets.xcassets */; };
		F11FB73E1DA55F9000415092 /* LaunchScreen.storyboard in Resources */ = {isa = PBXBuildFile; fileRef = F11FB73C1DA55F9000415092 /* LaunchScreen.storyboard */; };
/* End PBXBuildFile section */

/* Begin PBXFileReference section */
		F11FB7301DA55F9000415092 /* FlowerColorTable.app */ = {isa = PBXFileReference; explicitFileType = wrapper.application; includeInIndex = 0; path = FlowerColorTable.app; sourceTree = BUILT_PRODUCTS_DIR; };
		F11FB7331DA55F9000415092 /* AppDelegate.swift */ = {isa = PBXFileReference; lastKnownFileType = sourcecode.swift; path = AppDelegate.swift; sourceTree = "<group>"; };
		F11FB7351DA55F9000415092 /* ViewController.swift */ = {isa = PBXFileReference; lastKnownFileType = sourcecode.swift; path = ViewController.swift; sourceTree = "<group>"; };
		F11FB7381DA55F9000415092 /* Base */ = {isa = PBXFileReference; lastKnownFileType = file.storyboard; name = Base; path = Base.lproj/Main.storyboard; sourceTree = "<group>"; };
		F11FB73A1DA55F9000415092 /* Assets.xcassets */ = {isa = PBXFileReference; lastKnownFileType = folder.assetcatalog; path = Assets.xcassets; sourceTree = "<group>"; };
		F11FB73D1DA55F9000415092 /* Base */ = {isa = PBXFileReference; lastKnownFileType = file.storyboard; name = Base; path = Base.lproj/LaunchScreen.storyboard; sourceTree = "<group>"; };
		F11FB73F1DA55F9000415092 /* Info.plist */ = {isa = PBXFileReference; lastKnownFileType = text.plist.xml; path = Info.plist; sourceTree = "<group>"; };
/* End PBXFileReference section */

/* Begin PBXFrameworksBuildPhase section */
		F11FB72D1DA55F9000415092 /* Frameworks */ = {
			isa = PBXFrameworksBuildPhase;
			buildActionMask = 2147483647;
			files = (
			);
			runOnlyForDeploymentPostprocessing = 0;
		};
/* End PBXFrameworksBuildPhase section */

/* Begin PBXGroup section */
		F11FB7271DA55F9000415092 = {
			isa = PBXGroup;
			children = (
				F11FB7321DA55F9000415092 /* FlowerColorTable */,
				F11FB7311DA55F9000415092 /* Products */,
			);
			sourceTree = "<group>";
		};
		F11FB7311DA55F9000415092 /* Products */ = {
			isa = PBXGroup;
			children = (
				F11FB7301DA55F9000415092 /* FlowerColorTable.app */,
			);
			name = Products;
			sourceTree = "<group>";
		};
		F11FB7321DA55F9000415092 /* FlowerColorTable */ = {
			isa = PBXGroup;
			children = (
				F11FB7331DA55F9000415092 /* AppDelegate.swift */,
				F11FB7351DA55F9000415092 /* ViewController.swift */,
				F11FB7371DA55F9000415092 /* Main.storyboard */,
				F11FB73A1DA55F9000415092 /* Assets.xcassets */,
				F11FB73C1DA55F9000415092 /* LaunchScreen.storyboard */,
				F11FB73F1DA55F9000415092 /* Info.plist */,
			);
			path = FlowerColorTable;
			sourceTree = "<group>";
		};
/* End PBXGroup section */

/* Begin PBXNativeTarget section */
		F11FB72F1DA55F9000415092 /* FlowerColorTable */ = {
			isa = PBXNativeTarget;
			buildConfigurationList = F11FB7421DA55F9000415092 /* Build configuration list for PBXNativeTarget "FlowerColorTable" */;
			buildPhases = (
				F11FB72C1DA55F9000415092 /* Sources */,
				F11FB72D1DA55F9000415092 /* Frameworks */,
				F11FB72E1DA55F9000415092 /* Resources */,
			);
			buildRules = (
			);
			dependencies = (
			);
			name = FlowerColorTable;
			productName = FlowerColorTable;
			productReference = F11FB7301DA55F9000415092 /* FlowerColorTable.app */;
			productType = "com.apple.product-type.application";
		};
/* End PBXNativeTarget section */

/* Begin PBXProject section */
		F11FB7281DA55F9000415092 /* Project object */ = {
			isa = PBXProject;
			attributes = {
				LastSwiftUpdateCheck = 0730;
				LastUpgradeCheck = 0730;
				ORGANIZATIONNAME = BangXin_KJ;
				TargetAttributes = {
					F11FB72F1DA55F9000415092 = {
						CreatedOnToolsVersion = 7.3.1;
						LastSwiftMigration = 0800;
					};
				};
			};
			buildConfigurationList = F11FB72B1DA55F9000415092 /* Build configuration list for PBXProject "FlowerColorTable" */;
			compatibilityVersion = "Xcode 3.2";
			developmentRegion = English;
			hasScannedForEncodings = 0;
			knownRegions = (
				en,
				Base,
			);
			mainGroup = F11FB7271DA55F9000415092;
			productRefGroup = F11FB7311DA55F9000415092 /* Products */;
			projectDirPath = "";
			projectRoot = "";
			targets = (
				F11FB72F1DA55F9000415092 /* FlowerColorTable */,
			);
		};
/* End PBXProject section */

/* Begin PBXResourcesBuildPhase section */
		F11FB72E1DA55F9000415092 /* Resources */ = {
			isa = PBXResourcesBuildPhase;
			buildActionMask = 2147483647;
			files = (
				F11FB73E1DA55F9000415092 /* LaunchScreen.storyboard in Resources */,
				F11FB73B1DA55F9000415092 /* Assets.xcassets in Resources */,
				F11FB7391DA55F9000415092 /* Main.storyboard in Resources */,
			);
			runOnlyForDeploymentPostprocessing = 0;
		};
/* End PBXResourcesBuildPhase section */

/* Begin PBXSourcesBuildPhase section */
		F11FB72C1DA55F9000415092 /* Sources */ = {
			isa = PBXSourcesBuildPhase;
			buildActionMask = 2147483647;
			files = (
				F11FB7361DA55F9000415092 /* ViewController.swift in Sources */,
				F11FB7341DA55F9000415092 /* AppDelegate.swift in Sources */,
			);
			runOnlyForDeploymentPostprocessing = 0;
		};
/* End PBXSourcesBuildPhase section */

/* Begin PBXVariantGroup section */
		F11FB7371DA55F9000415092 /* Main.storyboard */ = {
			isa = PBXVariantGroup;
			children = (
				F11FB7381DA55F9000415092 /* Base */,
			);
			name = Main.storyboard;
			sourceTree = "<group>";
		};
		F11FB73C1DA55F9000415092 /* LaunchScreen.storyboard */ = {
			isa = PBXVariantGroup;
			children = (
				F11FB73D1DA55F9000415092 /* Base */,
			);
			name = LaunchScreen.storyboard;
			sourceTree = "<group>";
		};
/* End PBXVariantGroup section */

/* Begin XCBuildConfiguration section */
		F11FB7401DA55F9000415092 /* Debug */ = {
			isa = XCBuildConfiguration;
			buildSettings = {
				ALWAYS_SEARCH_USER_PATHS = NO;
				CLANG_ANALYZER_NONNULL = YES;
				CLANG_CXX_LANGUAGE_STANDARD = "gnu++0x";
				CLANG_CXX_LIBRARY = "libc++";
				CLANG_ENABLE_MODULES = YES;
				CLANG_ENABLE_OBJC_ARC = YES;
				CLANG_WARN_BOOL_CONVERSION = YES;
				CLANG_WARN_CONSTANT_CONVERSION = YES;
				CLANG_WARN_DIRECT_OBJC_ISA_USAGE = YES_ERROR;
				CLANG_WARN_EMPTY_BODY = YES;
				CLANG_WARN_ENUM_CONVERSION = YES;
				CLANG_WARN_INT_CONVERSION = YES;
				CLANG_WARN_OBJC_ROOT_CLASS = YES_ERROR;
				CLANG_WARN_UNREACHABLE_CODE = YES;
				CLANG_WARN__DUPLICATE_METHOD_MATCH = YES;
				"CODE_SIGN_IDENTITY[sdk=iphoneos*]" = "iPhone Developer";
				COPY_PHASE_STRIP = NO;
				DEBUG_INFORMATION_FORMAT = dwarf;
				ENABLE_STRICT_OBJC_MSGSEND = YES;
				ENABLE_TESTABILITY = YES;
				GCC_C_LANGUAGE_STANDARD = gnu99;
				GCC_DYNAMIC_NO_PIC = NO;
				GCC_NO_COMMON_BLOCKS = YES;
				GCC_OPTIMIZATION_LEVEL = 0;
				GCC_PREPROCESSOR_DEFINITIONS = (
					"DEBUG=1",
					"$(inherited)",
				);
				GCC_WARN_64_TO_32_BIT_CONVERSION = YES;
				GCC_WARN_ABOUT_RETURN_TYPE = YES_ERROR;
				GCC_WARN_UNDECLARED_SELECTOR = YES;
				GCC_WARN_UNINITIALIZED_AUTOS = YES_AGGRESSIVE;
				GCC_WARN_UNUSED_FUNCTION = YES;
				GCC_WARN_UNUSED_VARIABLE = YES;
				IPHONEOS_DEPLOYMENT_TARGET = 9.3;
				MTL_ENABLE_DEBUG_INFO = YES;
				ONLY_ACTIVE_ARCH = YES;
				SDKROOT = iphoneos;
				SWIFT_OPTIMIZATION_LEVEL = "-Onone";
			};
			name = Debug;
		};
		F11FB7411DA55F9000415092 /* Release */ = {
			isa = XCBuildConfiguration;
			buildSettings = {
				ALWAYS_SEARCH_USER_PATHS = NO;
				CLANG_ANALYZER_NONNULL = YES;
				CLANG_CXX_LANGUAGE_STANDARD = "gnu++0x";
				CLANG_CXX_LIBRARY = "libc++";
				CLANG_ENABLE_MODULES = YES;
				CLANG_ENABLE_OBJC_ARC = YES;
				CLANG_WARN_BOOL_CONVERSION = YES;
				CLANG_WARN_CONSTANT_CONVERSION = YES;
				CLANG_WARN_DIRECT_OBJC_ISA_USAGE = YES_ERROR;
				CLANG_WARN_EMPTY_BODY = YES;
				CLANG_WARN_ENUM_CONVERSION = YES;
				CLANG_WARN_INT_CONVERSION = YES;
				CLANG_WARN_OBJC_ROOT_CLASS = YES_ERROR;
				CLANG_WARN_UNREACHABLE_CODE = YES;
				CLANG_WARN__DUPLICATE_METHOD_MATCH = YES;
				"CODE_SIGN_IDENTITY[sdk=iphoneos*]" = "iPhone Developer";
				COPY_PHASE_STRIP = NO;
				DEBUG_INFORMATION_FORMAT = "dwarf-with-dsym";
				ENABLE_NS_ASSERTIONS = NO;
				ENABLE_STRICT_OBJC_MSGSEND = YES;
				GCC_C_LANGUAGE_STANDARD = gnu99;
				GCC_NO_COMMON_BLOCKS = YES;
				GCC_WARN_64_TO_32_BIT_CONVERSION = YES;
				GCC_WARN_ABOUT_RETURN_TYPE = YES_ERROR;
				GCC_WARN_UNDECLARED_SELECTOR = YES;
				GCC_WARN_UNINITIALIZED_AUTOS = YES_AGGRESSIVE;
				GCC_WARN_UNUSED_FUNCTION = YES;
				GCC_WARN_UNUSED_VARIABLE = YES;
				IPHONEOS_DEPLOYMENT_TARGET = 9.3;
				MTL_ENABLE_DEBUG_INFO = NO;
				SDKROOT = iphoneos;
				VALIDATE_PRODUCT = YES;
			};
			name = Release;
		};
		F11FB7431DA55F9000415092 /* Debug */ = {
			isa = XCBuildConfiguration;
			buildSettings = {
				ASSETCATALOG_COMPILER_APPICON_NAME = AppIcon;
				INFOPLIST_FILE = FlowerColorTable/Info.plist;
				IPHONEOS_DEPLOYMENT_TARGET = 8.0;
				LD_RUNPATH_SEARCH_PATHS = "$(inherited) @executable_path/Frameworks";
				PRODUCT_BUNDLE_IDENTIFIER = com.bang.FlowerColorTable;
				PRODUCT_NAME = "$(TARGET_NAME)";
				SWIFT_VERSION = 3.0;
			};
			name = Debug;
		};
		F11FB7441DA55F9000415092 /* Release */ = {
			isa = XCBuildConfiguration;
			buildSettings = {
				ASSETCATALOG_COMPILER_APPICON_NAME = AppIcon;
				INFOPLIST_FILE = FlowerColorTable/Info.plist;
				IPHONEOS_DEPLOYMENT_TARGET = 8.0;
				LD_RUNPATH_SEARCH_PATHS = "$(inherited) @executable_path/Frameworks";
				PRODUCT_BUNDLE_IDENTIFIER = com.bang.FlowerColorTable;
				PRODUCT_NAME = "$(TARGET_NAME)";
				SWIFT_VERSION = 3.0;
			};
			name = Release;
		};
/* End XCBuildConfiguration section */

/* Begin XCConfigurationList section */
		F11FB72B1DA55F9000415092 /* Build configuration list for PBXProject "FlowerColorTable" */ = {
			isa = XCConfigurationList;
			buildConfigurations = (
				F11FB7401DA55F9000415092 /* Debug */,
				F11FB7411DA55F9000415092 /* Release */,
			);
			defaultConfigurationIsVisible = 0;
			defaultConfigurationName = Release;
		};
		F11FB7421DA55F9000415092 /* Build configuration list for PBXNativeTarget "FlowerColorTable" */ = {
			isa = XCConfigurationList;
			buildConfigurations = (
				F11FB7431DA55F9000415092 /* Debug */,
				F11FB7441DA55F9000415092 /* Release */,
			);
			defaultConfigurationIsVisible = 0;
			defaultConfigurationName = Release;
		};
/* End XCConfigurationList section */
	};
	rootObject = F11FB7281DA55F9000415092 /* Project object */;
}
